# THIS IS AN AUTOGENERATED FILE. DO NOT EDIT THIS FILE DIRECTLY.
# yarn lockfile v1


"@types/hoist-non-react-statics@^3.3.0":
  version "3.3.1"
  resolved "https://registry.npm.taobao.org/@types/hoist-non-react-statics/download/@types/hoist-non-react-statics-3.3.1.tgz#1124aafe5118cb591977aeb1ceaaed1070eb039f"
  integrity sha1-ESSq/lEYy1kZd66xzqrtEHDrA58=
  dependencies:
    "@types/react" "*"
    hoist-non-react-statics "^3.3.0"

"@types/lodash.get@^4.4.6":
  version "4.4.6"
  resolved "https://registry.npm.taobao.org/@types/lodash.get/download/@types/lodash.get-4.4.6.tgz#0c7ac56243dae0f9f09ab6f75b29471e2e777240"
  integrity sha1-DHrFYkPa4Pnwmrb3WylHHi53ckA=
  dependencies:
    "@types/lodash" "*"

"@types/lodash@*":
  version "4.14.144"
  resolved "https://registry.npm.taobao.org/@types/lodash/download/@types/lodash-4.14.144.tgz#12e57fc99064bce45e5ab3c8bc4783feb75eab8e"
  integrity sha1-EuV/yZBkvOReWrPIvEeD/rdeq44=

"@types/prop-types@*":
  version "15.7.3"
  resolved "https://registry.npm.taobao.org/@types/prop-types/download/@types/prop-types-15.7.3.tgz#2ab0d5da2e5815f94b0b9d4b95d1e5f243ab2ca7"
  integrity sha1-KrDV2i5YFflLC51LldHl8kOrLKc=

"@types/react-redux@^7.1.4":
  version "7.1.4"
  resolved "https://registry.yarnpkg.com/@types/react-redux/-/react-redux-7.1.4.tgz#e0d02a073e730b8b58a6341bddca2ea692ff0bce"
  integrity sha512-SUV/7d+4L7C1Db/D4pqASgN1V1U2HnDEhEol9lYpPSguS76xFboZzf5ha2hTz6v31cUewyC7WksMh1q8JxhebQ==
  dependencies:
    "@types/hoist-non-react-statics" "^3.3.0"
    "@types/react" "*"
    hoist-non-react-statics "^3.3.0"
    redux "^4.0.0"

"@types/react@*", "@types/react@^16.9.9":
  version "16.9.9"
  resolved "https://registry.yarnpkg.com/@types/react/-/react-16.9.9.tgz#a62c6f40f04bc7681be5e20975503a64fe783c3a"
  integrity sha512-L+AudFJkDukk+ukInYvpoAPyJK5q1GanFOINOJnM0w6tUgITuWvJ4jyoBPFL7z4/L8hGLd+K/6xR5uUjXu0vVg==
  dependencies:
    "@types/prop-types" "*"
    csstype "^2.2.0"

"@types/redux@^3.6.0":
  version "3.6.0"
  resolved "https://registry.yarnpkg.com/@types/redux/-/redux-3.6.0.tgz#f1ebe1e5411518072e4fdfca5c76e16e74c1399a"
  integrity sha1-8evh5UEVGAcuT9/KXHbhbnTBOZo=
  dependencies:
    redux "*"

csstype@^2.2.0:
  version "2.6.7"
  resolved "https://registry.npm.taobao.org/csstype/download/csstype-2.6.7.tgz#20b0024c20b6718f4eda3853a1f5a1cce7f5e4a5"
  integrity sha1-ILACTCC2cY9O2jhTofWhzOf15KU=

hoist-non-react-statics@^3.3.0:
  version "3.3.0"
  resolved "https://registry.npm.taobao.org/hoist-non-react-statics/download/hoist-non-react-statics-3.3.0.tgz#b09178f0122184fb95acf525daaecb4d8f45958b"
  integrity sha1-sJF48BIhhPuVrPUl2q7LTY9FlYs=
  dependencies:
    react-is "^16.7.0"

immutability-helper@^3.0.1:
  version "3.0.1"
  resolved "https://registry.yarnpkg.com/immutability-helper/-/immutability-helper-3.0.1.tgz#4f609c5afbf8d78cb297970e8af2fba8b0eda1d6"
  integrity sha512-U92ROQQt7XkIwrdqCByUI118TQM1hXdKnRQpvKeA0HRyGSnJipu9IWHe4UD8zCN00O8UnQjQzPCgZ1CC3yBzHA==
  dependencies:
    invariant "^2.2.4"

invariant@^2.2.4:
  version "2.2.4"
  resolved "https://registry.yarnpkg.com/invariant/-/invariant-2.2.4.tgz#610f3c92c9359ce1db616e538008d23ff35158e6"
  integrity sha512-phJfQVBuaJM5raOpJjSfkiD6BpbCE4Ns//LaXl6wGYtUBY83nWS6Rf9tXm2e8VaK60JEjYldbPif/A2B1C2gNA==
  dependencies:
    loose-envify "^1.0.0"

"js-tokens@^3.0.0 || ^4.0.0":
  version "4.0.0"
  resolved "https://registry.npm.taobao.org/js-tokens/download/js-tokens-4.0.0.tgz#19203fb59991df98e3a287050d4647cdeaf32499"
  integrity sha1-GSA/tZmR35jjoocFDUZHzerzJJk=

lodash.get@^4.4.2:
  version "4.4.2"
  resolved "https://registry.npm.taobao.org/lodash.get/download/lodash.get-4.4.2.tgz#2d177f652fa31e939b4438d5341499dfa3825e99"
  integrity sha1-LRd/ZS+jHpObRDjVNBSZ36OCXpk=

loose-envify@^1.0.0, loose-envify@^1.4.0:
  version "1.4.0"
  resolved "https://registry.npm.taobao.org/loose-envify/download/loose-envify-1.4.0.tgz#71ee51fa7be4caec1a63839f7e682d8132d30caf"
  integrity sha1-ce5R+nvkyuwaY4OffmgtgTLTDK8=
  dependencies:
    js-tokens "^3.0.0 || ^4.0.0"

react-is@^16.7.0:
  version "16.10.2"
  resolved "https://registry.npm.taobao.org/react-is/download/react-is-16.10.2.tgz#984120fd4d16800e9a738208ab1fba422d23b5ab"
  integrity sha1-mEEg/U0WgA6ac4IIqx+6Qi0jtas=

redux@*, redux@^4.0.0:
  version "4.0.4"
  resolved "https://registry.npm.taobao.org/redux/download/redux-4.0.4.tgz#4ee1aeb164b63d6a1bcc57ae4aa0b6e6fa7a3796"
  integrity sha1-TuGusWS2PWobzFeuSqC25vp6N5Y=
  dependencies:
    loose-envify "^1.4.0"
    symbol-observable "^1.2.0"

symbol-observable@^1.2.0:
  version "1.2.0"
  resolved "https://registry.npm.taobao.org/symbol-observable/download/symbol-observable-1.2.0.tgz#c22688aed4eab3cdc2dfeacbb561660560a00804"
  integrity sha1-wiaIrtTqs83C3+rLtWFmBWCgCAQ=

typescript@^3.7.1-rc:
  version "3.7.1-rc"
  resolved "https://registry.yarnpkg.com/typescript/-/typescript-3.7.1-rc.tgz#2054b872d67f8dc732e36c1df397f9327f37ada0"
  integrity sha512-2rMtWppLsaPvmpXsoIAXWDBQVnJMw1ITGGSnidMuayLj9iCmMRT69ncKZw/Mk5rXfJkilApKucWQZxproALoRw==
